
Microsoft Visual Studio Solution File, Format Version 12.00
# Visual Studio Version 17
VisualStudioVersion = 17.0.31903.59
MinimumVisualStudioVersion = 10.0.40219.1
Project("{FAE04EC0-301F-11D3-BF4B-00C04F79EFBC}") = "API", "API\API.csproj", "{170C9887-A8EF-48DE-AE49-F93D5F93BF6F}"
EndProject
Project("{FAE04EC0-301F-11D3-BF4B-00C04F79EFBC}") = "Core", "Core\Core.csproj", "{9B6E8D74-D96C-4C6E-9A13-C74657092BBB}"
EndProject
Project("{FAE04EC0-301F-11D3-BF4B-00C04F79EFBC}") = "Infrastructure", "Infrastructure\Infrastructure.csproj", "{F8DA9645-8592-4517-AD14-69B78FEEF333}"
EndProject
Global
	GlobalSection(SolutionConfigurationPlatforms) = preSolution
		Debug|Any CPU = Debug|Any CPU
		Release|Any CPU = Release|Any CPU
	EndGlobalSection
	GlobalSection(SolutionProperties) = preSolution
		HideSolutionNode = FALSE
	EndGlobalSection
	GlobalSection(ProjectConfigurationPlatforms) = postSolution
		{170C9887-A8EF-48DE-AE49-F93D5F93BF6F}.Debug|Any CPU.ActiveCfg = Debug|Any CPU
		{170C9887-A8EF-48DE-AE49-F93D5F93BF6F}.Debug|Any CPU.Build.0 = Debug|Any CPU
		{170C9887-A8EF-48DE-AE49-F93D5F93BF6F}.Release|Any CPU.ActiveCfg = Release|Any CPU
		{170C9887-A8EF-48DE-AE49-F93D5F93BF6F}.Release|Any CPU.Build.0 = Release|Any CPU
		{9B6E8D74-D96C-4C6E-9A13-C74657092BBB}.Debug|Any CPU.ActiveCfg = Debug|Any CPU
		{9B6E8D74-D96C-4C6E-9A13-C74657092BBB}.Debug|Any CPU.Build.0 = Debug|Any CPU
		{9B6E8D74-D96C-4C6E-9A13-C74657092BBB}.Release|Any CPU.ActiveCfg = Release|Any CPU
		{9B6E8D74-D96C-4C6E-9A13-C74657092BBB}.Release|Any CPU.Build.0 = Release|Any CPU
		{F8DA9645-8592-4517-AD14-69B78FEEF333}.Debug|Any CPU.ActiveCfg = Debug|Any CPU
		{F8DA9645-8592-4517-AD14-69B78FEEF333}.Debug|Any CPU.Build.0 = Debug|Any CPU
		{F8DA9645-8592-4517-AD14-69B78FEEF333}.Release|Any CPU.ActiveCfg = Release|Any CPU
		{F8DA9645-8592-4517-AD14-69B78FEEF333}.Release|Any CPU.Build.0 = Release|Any CPU
	EndGlobalSection
EndGlobal
